%{"certifi": {:hex, :certifi, "0.4.0", "a7966efb868b179023618d29a407548f70c52466bf1849b9e8ebd0e34b7ea11f", [:rebar3], []},
  "combine": {:hex, :combine, "0.9.1", "5fd778ee77032ae593bf79aedb8519d9e36283e4f869abd98c2d6029ca476db8", [:mix], []},
  "cowlib": {:hex, :cowlib, "1.3.0", "6c80ca7f2863c0d7a21c946312baf473432b56a79e46e20bc27a3bac07c40439", [:make], []},
  "exjsx": {:hex, :exjsx, "3.2.0", "7136cc739ace295fc74c378f33699e5145bead4fdc1b4799822d0287489136fb", [:mix], [{:jsx, "~> 2.6.2", [hex: :jsx, optional: false]}]},
  "gettext": {:hex, :gettext, "0.11.0", "80c1dd42d270482418fa158ec5ba073d2980e3718bacad86f3d4ad71d5667679", [:mix], []},
  "gproc": {:hex, :gproc, "0.5.0", "2df2d886f8f8a7b81a4b04aa17972b5965bbc5bf0100ea6d8e8ac6a0e7389afe", [:rebar], []},
  "gun": {:hex, :gun, "1.0.0-pre.1", "28514327a7572234633e127c1c14c5d91991bc26ec16d3707f05962a31f0c1b5", [:rebar, :make], [{:cowlib, "1.3.0", [hex: :cowlib, optional: false]}, {:ranch, "1.1.0", [hex: :ranch, optional: false]}]},
  "hackney": {:hex, :hackney, "1.6.1", "ddd22d42db2b50e6a155439c8811b8f6df61a4395de10509714ad2751c6da817", [:rebar3], [{:certifi, "0.4.0", [hex: :certifi, optional: false]}, {:idna, "1.2.0", [hex: :idna, optional: false]}, {:metrics, "1.0.1", [hex: :metrics, optional: false]}, {:mimerl, "1.0.2", [hex: :mimerl, optional: false]}, {:ssl_verify_fun, "1.1.0", [hex: :ssl_verify_fun, optional: false]}]},
  "hedwig": {:hex, :hedwig, "1.0.0-rc.4", "7c134a19bec8508f8dfd308c69d37426e7bcb48f41cc0cb9366ad7514bb7fd40", [:mix], [{:gproc, "~> 0.5", [hex: :gproc, optional: false]}]},
  "hedwig_slack": {:hex, :hedwig_slack, "0.1.0", "523a3b5130e86e9135f4b3ebdc4c1ee4120f5ba4f9d0fb4b3b7aee7d58f0da63", [:mix], [{:gun, "1.0.0-pre.1", [hex: :gun, optional: false]}, {:hedwig, "~> 1.0.0-rc.4", [hex: :hedwig, optional: false]}, {:poison, "~> 2.0", [hex: :poison, optional: false]}]},
  "httpoison": {:hex, :httpoison, "0.9.0", "68187a2daddfabbe7ca8f7d75ef227f89f0e1507f7eecb67e4536b3c516faddb", [:mix], [{:hackney, "~> 1.6.0", [hex: :hackney, optional: false]}]},
  "idna": {:hex, :idna, "1.2.0", "ac62ee99da068f43c50dc69acf700e03a62a348360126260e87f2b54eced86b2", [:rebar3], []},
  "jsx": {:hex, :jsx, "2.6.2", "213721e058da0587a4bce3cc8a00ff6684ced229c8f9223245c6ff2c88fbaa5a", [:mix, :rebar], []},
  "metrics": {:hex, :metrics, "1.0.1", "25f094dea2cda98213cecc3aeff09e940299d950904393b2a29d191c346a8486", [:rebar3], []},
  "mimerl": {:hex, :mimerl, "1.0.2", "993f9b0e084083405ed8252b99460c4f0563e41729ab42d9074fd5e52439be88", [:rebar3], []},
  "poison": {:hex, :poison, "2.2.0", "4763b69a8a77bd77d26f477d196428b741261a761257ff1cf92753a0d4d24a63", [:mix], []},
  "quantum": {:hex, :quantum, "1.7.1", "c8952d62055c953f7ff0ccd3ff8c7a8a3ae8ca4c110f4f2054bbae62e5c810c5", [:mix], [{:timex, "~> 2.1.1", [hex: :timex, optional: false]}]},
  "ranch": {:hex, :ranch, "1.1.0", "f7ed6d97db8c2a27cca85cacbd543558001fc5a355e93a7bff1e9a9065a8545b", [:make], []},
  "ssl_verify_fun": {:hex, :ssl_verify_fun, "1.1.0", "edee20847c42e379bf91261db474ffbe373f8acb56e9079acb6038d4e0bf414f", [:rebar, :make], []},
  "tentacat": {:hex, :tentacat, "0.5.3", "71e448c9004bf72f0014d3b9d7592493501122d3ab551f95aa3003c5deb9fb92", [:mix], [{:exjsx, "~> 3.2", [hex: :exjsx, optional: false]}, {:httpoison, "~> 0.8", [hex: :httpoison, optional: false]}]},
  "timex": {:hex, :timex, "2.1.6", "2c59cd03074bccea47acd668c4dd6aad269879bcc9d6d4dd98fe0ffbaf48fcaa", [:mix], [{:combine, "~> 0.7", [hex: :combine, optional: false]}, {:gettext, "~> 0.10", [hex: :gettext, optional: false]}, {:tzdata, "~> 0.1.8 or ~> 0.5", [hex: :tzdata, optional: false]}]},
  "tzdata": {:hex, :tzdata, "0.5.9", "575be217b039057a47e133b72838cbe104fb5329b19906ea4e66857001c37edb", [:mix], [{:hackney, "~> 1.0", [hex: :hackney, optional: false]}]}}
