%{"calendar": {:hex, :calendar, "0.16.1", "782327ad8bae7c797b887840dc4ddb933f05ce6e333e5b04964d7a5d5f79bde3", [:mix], [{:tzdata, "~> 0.5.8 or ~> 0.1.201603", [hex: :tzdata, optional: false]}]},
  "certifi": {:hex, :certifi, "0.7.0", "861a57f3808f7eb0c2d1802afeaae0fa5de813b0df0979153cbafcd853ababaf", [:rebar3], []},
  "combine": {:hex, :combine, "0.9.1", "5fd778ee77032ae593bf79aedb8519d9e36283e4f869abd98c2d6029ca476db8", [:mix], []},
  "cowlib": {:hex, :cowlib, "1.3.0", "6c80ca7f2863c0d7a21c946312baf473432b56a79e46e20bc27a3bac07c40439", [:make], []},
  "exjsx": {:hex, :exjsx, "3.2.1", "1bc5bf1e4fd249104178f0885030bcd75a4526f4d2a1e976f4b428d347614f0f", [:mix], [{:jsx, "~> 2.8.0", [hex: :jsx, optional: false]}]},
  "gettext": {:hex, :gettext, "0.11.0", "80c1dd42d270482418fa158ec5ba073d2980e3718bacad86f3d4ad71d5667679", [:mix], []},
  "gproc": {:hex, :gproc, "0.5.0", "2df2d886f8f8a7b81a4b04aa17972b5965bbc5bf0100ea6d8e8ac6a0e7389afe", [:rebar], []},
  "gun": {:hex, :gun, "1.0.0-pre.1", "28514327a7572234633e127c1c14c5d91991bc26ec16d3707f05962a31f0c1b5", [:rebar, :make], [{:cowlib, "1.3.0", [hex: :cowlib, optional: false]}, {:ranch, "1.1.0", [hex: :ranch, optional: false]}]},
  "hackney": {:hex, :hackney, "1.6.3", "d489d7ca2d4323e307bedc4bfe684323a7bf773ecfd77938f3ee8074e488e140", [:mix, :rebar3], [{:certifi, "0.7.0", [hex: :certifi, optional: false]}, {:idna, "1.2.0", [hex: :idna, optional: false]}, {:metrics, "1.0.1", [hex: :metrics, optional: false]}, {:mimerl, "1.0.2", [hex: :mimerl, optional: false]}, {:ssl_verify_fun, "1.1.1", [hex: :ssl_verify_fun, optional: false]}]},
  "hedwig": {:hex, :hedwig, "1.0.0", "effbb160b9b270cb62ac1b2d6041b4ac731a21b0fc048dd2c35840245fdc0f22", [:mix], []},
  "hedwig_slack": {:hex, :hedwig_slack, "1.0.0", "893d5c1dad47ad78fefbe21fafbc3e5efe062bfbd30e78173230547a7656af50", [:mix], [{:hackney, "~> 1.6", [hex: :hackney, optional: false]}, {:hedwig, "~> 1.0", [hex: :hedwig, optional: false]}, {:poison, "~> 3.0", [hex: :poison, optional: false]}, {:websocket_client, "~> 1.1", [hex: :websocket_client, optional: false]}]},
  "httpoison": {:hex, :httpoison, "0.10.0", "4727b3a5e57e9a4ff168a3c2883e20f1208103a41bccc4754f15a9366f49b676", [:mix], [{:hackney, "~> 1.6.3", [hex: :hackney, optional: false]}]},
  "idna": {:hex, :idna, "1.2.0", "ac62ee99da068f43c50dc69acf700e03a62a348360126260e87f2b54eced86b2", [], []},
  "jsx": {:hex, :jsx, "2.8.0", "749bec6d205c694ae1786d62cea6cc45a390437e24835fd16d12d74f07097727", [:mix, :rebar], []},
  "metrics": {:hex, :metrics, "1.0.1", "25f094dea2cda98213cecc3aeff09e940299d950904393b2a29d191c346a8486", [], []},
  "mimerl": {:hex, :mimerl, "1.0.2", "993f9b0e084083405ed8252b99460c4f0563e41729ab42d9074fd5e52439be88", [], []},
  "poison": {:hex, :poison, "3.0.0", "625ebd64d33ae2e65201c2c14d6c85c27cc8b68f2d0dd37828fde9c6920dd131", [:mix], []},
  "quantum": {:hex, :quantum, "1.8.1", "37c9ad0307cf47bd578507ce1ddda98746199b281e8afe91cbe44c21d56af983", [:mix], [{:calendar, "~> 0.16", [hex: :calendar, optional: false]}]},
  "ranch": {:hex, :ranch, "1.1.0", "f7ed6d97db8c2a27cca85cacbd543558001fc5a355e93a7bff1e9a9065a8545b", [:make], []},
  "ssl_verify_fun": {:hex, :ssl_verify_fun, "1.1.1", "28a4d65b7f59893bc2c7de786dec1e1555bd742d336043fe644ae956c3497fbe", [:make, :rebar], []},
  "tentacat": {:hex, :tentacat, "0.5.3", "71e448c9004bf72f0014d3b9d7592493501122d3ab551f95aa3003c5deb9fb92", [], [{:exjsx, "~> 3.2", [hex: :exjsx, optional: false]}, {:httpoison, "~> 0.8", [hex: :httpoison, optional: false]}]},
  "timex": {:hex, :timex, "2.1.6", "2c59cd03074bccea47acd668c4dd6aad269879bcc9d6d4dd98fe0ffbaf48fcaa", [:mix], [{:combine, "~> 0.7", [hex: :combine, optional: false]}, {:gettext, "~> 0.10", [hex: :gettext, optional: false]}, {:tzdata, "~> 0.1.8 or ~> 0.5", [hex: :tzdata, optional: false]}]},
  "tzdata": {:hex, :tzdata, "0.5.9", "575be217b039057a47e133b72838cbe104fb5329b19906ea4e66857001c37edb", [], [{:hackney, "~> 1.0", [hex: :hackney, optional: false]}]},
  "websocket_client": {:hex, :websocket_client, "1.2.1", "a965ce0be5583c90347400bceca66629e4debd5feb9bd516107e2924bdf39dad", [:rebar3], []}}
